
Microsoft Visual Studio Solution File, Format Version 12.00
# Visual Studio Version 16
VisualStudioVersion = 16.0.29920.165
MinimumVisualStudioVersion = 10.0.40219.1
Project("{FAE04EC0-301F-11D3-BF4B-00C04F79EFBC}") = "MovieRentalStore", "MovieRentalStore.csproj", "{170611B0-F183-4A98-A24F-4780FCFB2C91}"
EndProject
Project("{FAE04EC0-301F-11D3-BF4B-00C04F79EFBC}") = "MovieRentalStoreUnitTest", "MovieRentalStoreUnitTest\MovieRentalStoreUnitTest.csproj", "{C665E1BC-E657-49E5-B4E0-37F39ADB7DFF}"
EndProject
Global
	GlobalSection(SolutionConfigurationPlatforms) = preSolution
		Debug|Any CPU = Debug|Any CPU
		Release|Any CPU = Release|Any CPU
	EndGlobalSection
	GlobalSection(ProjectConfigurationPlatforms) = postSolution
		{170611B0-F183-4A98-A24F-4780FCFB2C91}.Debug|Any CPU.ActiveCfg = Debug|Any CPU
		{170611B0-F183-4A98-A24F-4780FCFB2C91}.Debug|Any CPU.Build.0 = Debug|Any CPU
		{170611B0-F183-4A98-A24F-4780FCFB2C91}.Release|Any CPU.ActiveCfg = Release|Any CPU
		{170611B0-F183-4A98-A24F-4780FCFB2C91}.Release|Any CPU.Build.0 = Release|Any CPU
		{C665E1BC-E657-49E5-B4E0-37F39ADB7DFF}.Debug|Any CPU.ActiveCfg = Debug|Any CPU
		{C665E1BC-E657-49E5-B4E0-37F39ADB7DFF}.Debug|Any CPU.Build.0 = Debug|Any CPU
		{C665E1BC-E657-49E5-B4E0-37F39ADB7DFF}.Release|Any CPU.ActiveCfg = Release|Any CPU
		{C665E1BC-E657-49E5-B4E0-37F39ADB7DFF}.Release|Any CPU.Build.0 = Release|Any CPU
	EndGlobalSection
	GlobalSection(SolutionProperties) = preSolution
		HideSolutionNode = FALSE
	EndGlobalSection
	GlobalSection(ExtensibilityGlobals) = postSolution
		SolutionGuid = {57A4E91C-AD9F-4CE4-AA48-81244B60C4C7}
	EndGlobalSection
EndGlobal
